{
  "name": "weekly",
  "version": "1.0.0",
  "lockfileVersion": 2,
  "requires": true,
  "packages": {
    "": {
      "name": "weekly",
      "version": "1.0.0",
      "license": "ISC",
      "devDependencies": {
        "moment": "^2.29.1"
      }
    },
    "node_modules/moment": {
      "version": "2.29.1",
      "resolved": "http://registry.npm.baidu-int.com/moment/-/moment-2.29.1.tgz",
      "integrity": "sha1-sr52n6MZQL6e7qZGnAdeNQBvo9M=",
      "dev": true,
      "license": "MIT",
      "engines": {
        "node": "*"
      }
    }
  },
  "dependencies": {
    "moment": {
      "version": "2.29.1",
      "resolved": "http://registry.npm.baidu-int.com/moment/-/moment-2.29.1.tgz",
      "integrity": "sha1-sr52n6MZQL6e7qZGnAdeNQBvo9M=",
      "dev": true
    }
  }
}
